
Microsoft Visual Studio Solution File, Format Version 12.00
# Visual Studio Version 17
VisualStudioVersion = 17.11.35219.272
MinimumVisualStudioVersion = 10.0.40219.1
Project("{FAE04EC0-301F-11D3-BF4B-00C04F79EFBC}") = "TestControlProject", "TestControlProject\TestControlProject.csproj", "{92B6D06C-91DA-4F32-BEA5-7BA7396A9447}"
EndProject
Project("{FAE04EC0-301F-11D3-BF4B-00C04F79EFBC}") = "ControlProjectLibrary", "ControlProjectLibrary\ControlProjectLibrary.csproj", "{C0C04297-5C86-4697-9FD7-36E4DD862C11}"
EndProject
Global
	GlobalSection(SolutionConfigurationPlatforms) = preSolution
		Debug|Any CPU = Debug|Any CPU
		Release|Any CPU = Release|Any CPU
	EndGlobalSection
	GlobalSection(ProjectConfigurationPlatforms) = postSolution
		{92B6D06C-91DA-4F32-BEA5-7BA7396A9447}.Debug|Any CPU.ActiveCfg = Debug|Any CPU
		{92B6D06C-91DA-4F32-BEA5-7BA7396A9447}.Debug|Any CPU.Build.0 = Debug|Any CPU
		{92B6D06C-91DA-4F32-BEA5-7BA7396A9447}.Release|Any CPU.ActiveCfg = Release|Any CPU
		{92B6D06C-91DA-4F32-BEA5-7BA7396A9447}.Release|Any CPU.Build.0 = Release|Any CPU
		{C0C04297-5C86-4697-9FD7-36E4DD862C11}.Debug|Any CPU.ActiveCfg = Debug|Any CPU
		{C0C04297-5C86-4697-9FD7-36E4DD862C11}.Debug|Any CPU.Build.0 = Debug|Any CPU
		{C0C04297-5C86-4697-9FD7-36E4DD862C11}.Release|Any CPU.ActiveCfg = Release|Any CPU
		{C0C04297-5C86-4697-9FD7-36E4DD862C11}.Release|Any CPU.Build.0 = Release|Any CPU
	EndGlobalSection
	GlobalSection(SolutionProperties) = preSolution
		HideSolutionNode = FALSE
	EndGlobalSection
	GlobalSection(ExtensibilityGlobals) = postSolution
		SolutionGuid = {CA966C09-7EB6-4500-BCE5-3D4F0959DABA}
	EndGlobalSection
EndGlobal
